// !$*UTF8*$!
{
	archiveVersion = 1;
	classes = {
	};
	objectVersion = 50;
	objects = {

/* Begin PBXBuildFile section */
		911F08FCB96D2CA562BCBFA6 /* Pods_SwifttestThings.framework in Frameworks */ = {isa = PBXBuildFile; fileRef = E84168ED3AD56D0C6F62D6A1 /* Pods_SwifttestThings.framework */; };
		A82254922333B69200D7B5BD /* AppDelegate.swift in Sources */ = {isa = PBXBuildFile; fileRef = A82254912333B69200D7B5BD /* AppDelegate.swift */; };
		A82254942333B69200D7B5BD /* LevelViewController.swift in Sources */ = {isa = PBXBuildFile; fileRef = A82254932333B69200D7B5BD /* LevelViewController.swift */; };
		A82254972333B69200D7B5BD /* Activity.storyboard in Resources */ = {isa = PBXBuildFile; fileRef = A82254952333B69200D7B5BD /* Activity.storyboard */; };
		A82254992333B69300D7B5BD /* Assets.xcassets in Resources */ = {isa = PBXBuildFile; fileRef = A82254982333B69300D7B5BD /* Assets.xcassets */; };
		A822549C2333B69300D7B5BD /* LaunchScreen.storyboard in Resources */ = {isa = PBXBuildFile; fileRef = A822549A2333B69300D7B5BD /* LaunchScreen.storyboard */; };
		E01FB4FD2338E3F800DA7CAC /* Section.storyboard in Resources */ = {isa = PBXBuildFile; fileRef = E01FB4FC2338E3F800DA7CAC /* Section.storyboard */; };
		E01FB4FF2338E40900DA7CAC /* Level.storyboard in Resources */ = {isa = PBXBuildFile; fileRef = E01FB4FE2338E40900DA7CAC /* Level.storyboard */; };
		E01FB5042338E57500DA7CAC /* SectionViewController.swift in Sources */ = {isa = PBXBuildFile; fileRef = E01FB5032338E57500DA7CAC /* SectionViewController.swift */; };
		E01FB5062338E5E100DA7CAC /* ActivitiyViewController.swift in Sources */ = {isa = PBXBuildFile; fileRef = E01FB5052338E5E100DA7CAC /* ActivitiyViewController.swift */; };
		E01FB5092338E65D00DA7CAC /* Activity.swift in Sources */ = {isa = PBXBuildFile; fileRef = E01FB5082338E65D00DA7CAC /* Activity.swift */; };
		E01FB50B2338E87D00DA7CAC /* Section.swift in Sources */ = {isa = PBXBuildFile; fileRef = E01FB50A2338E87D00DA7CAC /* Section.swift */; };
		E01FB50D2338EBF600DA7CAC /* Level.swift in Sources */ = {isa = PBXBuildFile; fileRef = E01FB50C2338EBF600DA7CAC /* Level.swift */; };
		E01FB5102338ED2300DA7CAC /* Repository.swift in Sources */ = {isa = PBXBuildFile; fileRef = E01FB50F2338ED2300DA7CAC /* Repository.swift */; };
		E01FB5112338FA4900DA7CAC /* Pods-SwifttestThings.debug.xcconfig in Resources */ = {isa = PBXBuildFile; fileRef = 7B5C6C65172533E40D428CBB /* Pods-SwifttestThings.debug.xcconfig */; };
		E01FB5122338FA4D00DA7CAC /* Pods-SwifttestThings.release.xcconfig in Resources */ = {isa = PBXBuildFile; fileRef = F223535316A95EE1CC464060 /* Pods-SwifttestThings.release.xcconfig */; };
/* End PBXBuildFile section */

/* Begin PBXFileReference section */
		7B5C6C65172533E40D428CBB /* Pods-SwifttestThings.debug.xcconfig */ = {isa = PBXFileReference; includeInIndex = 1; lastKnownFileType = text.xcconfig; name = "Pods-SwifttestThings.debug.xcconfig"; path = "Target Support Files/Pods-SwifttestThings/Pods-SwifttestThings.debug.xcconfig"; sourceTree = "<group>"; };
		A822548E2333B69200D7B5BD /* SwifttestThings.app */ = {isa = PBXFileReference; explicitFileType = wrapper.application; includeInIndex = 0; path = SwifttestThings.app; sourceTree = BUILT_PRODUCTS_DIR; };
		A82254912333B69200D7B5BD /* AppDelegate.swift */ = {isa = PBXFileReference; lastKnownFileType = sourcecode.swift; path = AppDelegate.swift; sourceTree = "<group>"; };
		A82254932333B69200D7B5BD /* LevelViewController.swift */ = {isa = PBXFileReference; lastKnownFileType = sourcecode.swift; path = LevelViewController.swift; sourceTree = "<group>"; };
		A82254962333B69200D7B5BD /* Base */ = {isa = PBXFileReference; lastKnownFileType = file.storyboard; name = Base; path = Base.lproj/Activity.storyboard; sourceTree = "<group>"; };
		A82254982333B69300D7B5BD /* Assets.xcassets */ = {isa = PBXFileReference; lastKnownFileType = folder.assetcatalog; path = Assets.xcassets; sourceTree = "<group>"; };
		A822549B2333B69300D7B5BD /* Base */ = {isa = PBXFileReference; lastKnownFileType = file.storyboard; name = Base; path = Base.lproj/LaunchScreen.storyboard; sourceTree = "<group>"; };
		A822549D2333B69300D7B5BD /* Info.plist */ = {isa = PBXFileReference; lastKnownFileType = text.plist.xml; path = Info.plist; sourceTree = "<group>"; };
		E01FB4FC2338E3F800DA7CAC /* Section.storyboard */ = {isa = PBXFileReference; lastKnownFileType = file.storyboard; path = Section.storyboard; sourceTree = "<group>"; };
		E01FB4FE2338E40900DA7CAC /* Level.storyboard */ = {isa = PBXFileReference; lastKnownFileType = file.storyboard; path = Level.storyboard; sourceTree = "<group>"; };
		E01FB5032338E57500DA7CAC /* SectionViewController.swift */ = {isa = PBXFileReference; lastKnownFileType = sourcecode.swift; path = SectionViewController.swift; sourceTree = "<group>"; };
		E01FB5052338E5E100DA7CAC /* ActivitiyViewController.swift */ = {isa = PBXFileReference; lastKnownFileType = sourcecode.swift; path = ActivitiyViewController.swift; sourceTree = "<group>"; };
		E01FB5082338E65D00DA7CAC /* Activity.swift */ = {isa = PBXFileReference; lastKnownFileType = sourcecode.swift; path = Activity.swift; sourceTree = "<group>"; };
		E01FB50A2338E87D00DA7CAC /* Section.swift */ = {isa = PBXFileReference; lastKnownFileType = sourcecode.swift; path = Section.swift; sourceTree = "<group>"; };
		E01FB50C2338EBF600DA7CAC /* Level.swift */ = {isa = PBXFileReference; lastKnownFileType = sourcecode.swift; path = Level.swift; sourceTree = "<group>"; };
		E01FB50F2338ED2300DA7CAC /* Repository.swift */ = {isa = PBXFileReference; lastKnownFileType = sourcecode.swift; path = Repository.swift; sourceTree = "<group>"; };
		E84168ED3AD56D0C6F62D6A1 /* Pods_SwifttestThings.framework */ = {isa = PBXFileReference; explicitFileType = wrapper.framework; includeInIndex = 0; path = Pods_SwifttestThings.framework; sourceTree = BUILT_PRODUCTS_DIR; };
		F223535316A95EE1CC464060 /* Pods-SwifttestThings.release.xcconfig */ = {isa = PBXFileReference; includeInIndex = 1; lastKnownFileType = text.xcconfig; name = "Pods-SwifttestThings.release.xcconfig"; path = "Target Support Files/Pods-SwifttestThings/Pods-SwifttestThings.release.xcconfig"; sourceTree = "<group>"; };
/* End PBXFileReference section */

/* Begin PBXFrameworksBuildPhase section */
		A822548B2333B69200D7B5BD /* Frameworks */ = {
			isa = PBXFrameworksBuildPhase;
			buildActionMask = 2147483647;
			files = (
				911F08FCB96D2CA562BCBFA6 /* Pods_SwifttestThings.framework in Frameworks */,
			);
			runOnlyForDeploymentPostprocessing = 0;
		};
/* End PBXFrameworksBuildPhase section */

/* Begin PBXGroup section */
		30FFCCD7E839C050A163A999 /* Pods */ = {
			isa = PBXGroup;
			children = (
				7B5C6C65172533E40D428CBB /* Pods-SwifttestThings.debug.xcconfig */,
				F223535316A95EE1CC464060 /* Pods-SwifttestThings.release.xcconfig */,
			);
			path = Pods;
			sourceTree = "<group>";
		};
		428290BDBD5194A08BC880E8 /* Frameworks */ = {
			isa = PBXGroup;
			children = (
				E84168ED3AD56D0C6F62D6A1 /* Pods_SwifttestThings.framework */,
			);
			name = Frameworks;
			sourceTree = "<group>";
		};
		A82254852333B69200D7B5BD = {
			isa = PBXGroup;
			children = (
				A82254902333B69200D7B5BD /* SwifttestThings */,
				A822548F2333B69200D7B5BD /* Products */,
				30FFCCD7E839C050A163A999 /* Pods */,
				428290BDBD5194A08BC880E8 /* Frameworks */,
			);
			sourceTree = "<group>";
		};
		A822548F2333B69200D7B5BD /* Products */ = {
			isa = PBXGroup;
			children = (
				A822548E2333B69200D7B5BD /* SwifttestThings.app */,
			);
			name = Products;
			sourceTree = "<group>";
		};
		A82254902333B69200D7B5BD /* SwifttestThings */ = {
			isa = PBXGroup;
			children = (
				E01FB50E2338ECAF00DA7CAC /* Repository */,
				E01FB5072338E64400DA7CAC /* Model */,
				E01FB5022338E4E100DA7CAC /* Support */,
				E01FB5012338E47500DA7CAC /* Views */,
				E01FB5002338E45C00DA7CAC /* Controllers */,
				A82254912333B69200D7B5BD /* AppDelegate.swift */,
				A82254982333B69300D7B5BD /* Assets.xcassets */,
			);
			path = SwifttestThings;
			sourceTree = "<group>";
		};
		E01FB5002338E45C00DA7CAC /* Controllers */ = {
			isa = PBXGroup;
			children = (
				A82254932333B69200D7B5BD /* LevelViewController.swift */,
				E01FB5032338E57500DA7CAC /* SectionViewController.swift */,
				E01FB5052338E5E100DA7CAC /* ActivitiyViewController.swift */,
			);
			path = Controllers;
			sourceTree = "<group>";
		};
		E01FB5012338E47500DA7CAC /* Views */ = {
			isa = PBXGroup;
			children = (
				A822549A2333B69300D7B5BD /* LaunchScreen.storyboard */,
				E01FB4FC2338E3F800DA7CAC /* Section.storyboard */,
				A82254952333B69200D7B5BD /* Activity.storyboard */,
				E01FB4FE2338E40900DA7CAC /* Level.storyboard */,
			);
			path = Views;
			sourceTree = "<group>";
		};
		E01FB5022338E4E100DA7CAC /* Support */ = {
			isa = PBXGroup;
			children = (
				A822549D2333B69300D7B5BD /* Info.plist */,
			);
			path = Support;
			sourceTree = "<group>";
		};
		E01FB5072338E64400DA7CAC /* Model */ = {
			isa = PBXGroup;
			children = (
				E01FB5082338E65D00DA7CAC /* Activity.swift */,
				E01FB50A2338E87D00DA7CAC /* Section.swift */,
				E01FB50C2338EBF600DA7CAC /* Level.swift */,
			);
			path = Model;
			sourceTree = "<group>";
		};
		E01FB50E2338ECAF00DA7CAC /* Repository */ = {
			isa = PBXGroup;
			children = (
				E01FB50F2338ED2300DA7CAC /* Repository.swift */,
			);
			name = Repository;
			path = "Repositório";
			sourceTree = "<group>";
		};
/* End PBXGroup section */

/* Begin PBXNativeTarget section */
		A822548D2333B69200D7B5BD /* SwifttestThings */ = {
			isa = PBXNativeTarget;
			buildConfigurationList = A82254A02333B69300D7B5BD /* Build configuration list for PBXNativeTarget "SwifttestThings" */;
			buildPhases = (
				6B56079548E8F0BD298EC2CB /* [CP] Check Pods Manifest.lock */,
				A822548A2333B69200D7B5BD /* Sources */,
				A822548B2333B69200D7B5BD /* Frameworks */,
				A822548C2333B69200D7B5BD /* Resources */,
			);
			buildRules = (
			);
			dependencies = (
			);
			name = SwifttestThings;
			productName = SwifttestThings;
			productReference = A822548E2333B69200D7B5BD /* SwifttestThings.app */;
			productType = "com.apple.product-type.application";
		};
/* End PBXNativeTarget section */

/* Begin PBXProject section */
		A82254862333B69200D7B5BD /* Project object */ = {
			isa = PBXProject;
			attributes = {
				LastSwiftUpdateCheck = 1030;
				LastUpgradeCheck = 1030;
				ORGANIZATIONNAME = "Rodrigo Azeredo";
				TargetAttributes = {
					A822548D2333B69200D7B5BD = {
						CreatedOnToolsVersion = 10.3;
					};
				};
			};
			buildConfigurationList = A82254892333B69200D7B5BD /* Build configuration list for PBXProject "SwifttestThings" */;
			compatibilityVersion = "Xcode 9.3";
			developmentRegion = en;
			hasScannedForEncodings = 0;
			knownRegions = (
				en,
				Base,
			);
			mainGroup = A82254852333B69200D7B5BD;
			productRefGroup = A822548F2333B69200D7B5BD /* Products */;
			projectDirPath = "";
			projectRoot = "";
			targets = (
				A822548D2333B69200D7B5BD /* SwifttestThings */,
			);
		};
/* End PBXProject section */

/* Begin PBXResourcesBuildPhase section */
		A822548C2333B69200D7B5BD /* Resources */ = {
			isa = PBXResourcesBuildPhase;
			buildActionMask = 2147483647;
			files = (
				A822549C2333B69300D7B5BD /* LaunchScreen.storyboard in Resources */,
				E01FB5122338FA4D00DA7CAC /* Pods-SwifttestThings.release.xcconfig in Resources */,
				A82254992333B69300D7B5BD /* Assets.xcassets in Resources */,
				A82254972333B69200D7B5BD /* Activity.storyboard in Resources */,
				E01FB4FF2338E40900DA7CAC /* Level.storyboard in Resources */,
				E01FB5112338FA4900DA7CAC /* Pods-SwifttestThings.debug.xcconfig in Resources */,
				E01FB4FD2338E3F800DA7CAC /* Section.storyboard in Resources */,
			);
			runOnlyForDeploymentPostprocessing = 0;
		};
/* End PBXResourcesBuildPhase section */

/* Begin PBXShellScriptBuildPhase section */
		6B56079548E8F0BD298EC2CB /* [CP] Check Pods Manifest.lock */ = {
			isa = PBXShellScriptBuildPhase;
			buildActionMask = 2147483647;
			files = (
			);
			inputFileListPaths = (
			);
			inputPaths = (
				"${PODS_PODFILE_DIR_PATH}/Podfile.lock",
				"${PODS_ROOT}/Manifest.lock",
			);
			name = "[CP] Check Pods Manifest.lock";
			outputFileListPaths = (
			);
			outputPaths = (
				"$(DERIVED_FILE_DIR)/Pods-SwifttestThings-checkManifestLockResult.txt",
			);
			runOnlyForDeploymentPostprocessing = 0;
			shellPath = /bin/sh;
			shellScript = "diff \"${PODS_PODFILE_DIR_PATH}/Podfile.lock\" \"${PODS_ROOT}/Manifest.lock\" > /dev/null\nif [ $? != 0 ] ; then\n    # print error to STDERR\n    echo \"error: The sandbox is not in sync with the Podfile.lock. Run 'pod install' or update your CocoaPods installation.\" >&2\n    exit 1\nfi\n# This output is used by Xcode 'outputs' to avoid re-running this script phase.\necho \"SUCCESS\" > \"${SCRIPT_OUTPUT_FILE_0}\"\n";
			showEnvVarsInLog = 0;
		};
/* End PBXShellScriptBuildPhase section */

/* Begin PBXSourcesBuildPhase section */
		A822548A2333B69200D7B5BD /* Sources */ = {
			isa = PBXSourcesBuildPhase;
			buildActionMask = 2147483647;
			files = (
				A82254942333B69200D7B5BD /* LevelViewController.swift in Sources */,
				E01FB50B2338E87D00DA7CAC /* Section.swift in Sources */,
				A82254922333B69200D7B5BD /* AppDelegate.swift in Sources */,
				E01FB5102338ED2300DA7CAC /* Repository.swift in Sources */,
				E01FB5062338E5E100DA7CAC /* ActivitiyViewController.swift in Sources */,
				E01FB5092338E65D00DA7CAC /* Activity.swift in Sources */,
				E01FB50D2338EBF600DA7CAC /* Level.swift in Sources */,
				E01FB5042338E57500DA7CAC /* SectionViewController.swift in Sources */,
			);
			runOnlyForDeploymentPostprocessing = 0;
		};
/* End PBXSourcesBuildPhase section */

/* Begin PBXVariantGroup section */
		A82254952333B69200D7B5BD /* Activity.storyboard */ = {
			isa = PBXVariantGroup;
			children = (
				A82254962333B69200D7B5BD /* Base */,
			);
			name = Activity.storyboard;
			sourceTree = "<group>";
		};
		A822549A2333B69300D7B5BD /* LaunchScreen.storyboard */ = {
			isa = PBXVariantGroup;
			children = (
				A822549B2333B69300D7B5BD /* Base */,
			);
			name = LaunchScreen.storyboard;
			sourceTree = "<group>";
		};
/* End PBXVariantGroup section */

/* Begin XCBuildConfiguration section */
		A822549E2333B69300D7B5BD /* Debug */ = {
			isa = XCBuildConfiguration;
			buildSettings = {
				ALWAYS_SEARCH_USER_PATHS = NO;
				CLANG_ANALYZER_NONNULL = YES;
				CLANG_ANALYZER_NUMBER_OBJECT_CONVERSION = YES_AGGRESSIVE;
				CLANG_CXX_LANGUAGE_STANDARD = "gnu++14";
				CLANG_CXX_LIBRARY = "libc++";
				CLANG_ENABLE_MODULES = YES;
				CLANG_ENABLE_OBJC_ARC = YES;
				CLANG_ENABLE_OBJC_WEAK = YES;
				CLANG_WARN_BLOCK_CAPTURE_AUTORELEASING = YES;
				CLANG_WARN_BOOL_CONVERSION = YES;
				CLANG_WARN_COMMA = YES;
				CLANG_WARN_CONSTANT_CONVERSION = YES;
				CLANG_WARN_DEPRECATED_OBJC_IMPLEMENTATIONS = YES;
				CLANG_WARN_DIRECT_OBJC_ISA_USAGE = YES_ERROR;
				CLANG_WARN_DOCUMENTATION_COMMENTS = YES;
				CLANG_WARN_EMPTY_BODY = YES;
				CLANG_WARN_ENUM_CONVERSION = YES;
				CLANG_WARN_INFINITE_RECURSION = YES;
				CLANG_WARN_INT_CONVERSION = YES;
				CLANG_WARN_NON_LITERAL_NULL_CONVERSION = YES;
				CLANG_WARN_OBJC_IMPLICIT_RETAIN_SELF = YES;
				CLANG_WARN_OBJC_LITERAL_CONVERSION = YES;
				CLANG_WARN_OBJC_ROOT_CLASS = YES_ERROR;
				CLANG_WARN_RANGE_LOOP_ANALYSIS = YES;
				CLANG_WARN_STRICT_PROTOTYPES = YES;
				CLANG_WARN_SUSPICIOUS_MOVE = YES;
				CLANG_WARN_UNGUARDED_AVAILABILITY = YES_AGGRESSIVE;
				CLANG_WARN_UNREACHABLE_CODE = YES;
				CLANG_WARN__DUPLICATE_METHOD_MATCH = YES;
				CODE_SIGN_IDENTITY = "iPhone Developer";
				COPY_PHASE_STRIP = NO;
				DEBUG_INFORMATION_FORMAT = dwarf;
				ENABLE_STRICT_OBJC_MSGSEND = YES;
				ENABLE_TESTABILITY = YES;
				GCC_C_LANGUAGE_STANDARD = gnu11;
				GCC_DYNAMIC_NO_PIC = NO;
				GCC_NO_COMMON_BLOCKS = YES;
				GCC_OPTIMIZATION_LEVEL = 0;
				GCC_PREPROCESSOR_DEFINITIONS = (
					"DEBUG=1",
					"$(inherited)",
				);
				GCC_WARN_64_TO_32_BIT_CONVERSION = YES;
				GCC_WARN_ABOUT_RETURN_TYPE = YES_ERROR;
				GCC_WARN_UNDECLARED_SELECTOR = YES;
				GCC_WARN_UNINITIALIZED_AUTOS = YES_AGGRESSIVE;
				GCC_WARN_UNUSED_FUNCTION = YES;
				GCC_WARN_UNUSED_VARIABLE = YES;
				IPHONEOS_DEPLOYMENT_TARGET = 12.4;
				MTL_ENABLE_DEBUG_INFO = INCLUDE_SOURCE;
				MTL_FAST_MATH = YES;
				ONLY_ACTIVE_ARCH = YES;
				SDKROOT = iphoneos;
				SWIFT_ACTIVE_COMPILATION_CONDITIONS = DEBUG;
				SWIFT_OPTIMIZATION_LEVEL = "-Onone";
			};
			name = Debug;
		};
		A822549F2333B69300D7B5BD /* Release */ = {
			isa = XCBuildConfiguration;
			buildSettings = {
				ALWAYS_SEARCH_USER_PATHS = NO;
				CLANG_ANALYZER_NONNULL = YES;
				CLANG_ANALYZER_NUMBER_OBJECT_CONVERSION = YES_AGGRESSIVE;
				CLANG_CXX_LANGUAGE_STANDARD = "gnu++14";
				CLANG_CXX_LIBRARY = "libc++";
				CLANG_ENABLE_MODULES = YES;
				CLANG_ENABLE_OBJC_ARC = YES;
				CLANG_ENABLE_OBJC_WEAK = YES;
				CLANG_WARN_BLOCK_CAPTURE_AUTORELEASING = YES;
				CLANG_WARN_BOOL_CONVERSION = YES;
				CLANG_WARN_COMMA = YES;
				CLANG_WARN_CONSTANT_CONVERSION = YES;
				CLANG_WARN_DEPRECATED_OBJC_IMPLEMENTATIONS = YES;
				CLANG_WARN_DIRECT_OBJC_ISA_USAGE = YES_ERROR;
				CLANG_WARN_DOCUMENTATION_COMMENTS = YES;
				CLANG_WARN_EMPTY_BODY = YES;
				CLANG_WARN_ENUM_CONVERSION = YES;
				CLANG_WARN_INFINITE_RECURSION = YES;
				CLANG_WARN_INT_CONVERSION = YES;
				CLANG_WARN_NON_LITERAL_NULL_CONVERSION = YES;
				CLANG_WARN_OBJC_IMPLICIT_RETAIN_SELF = YES;
				CLANG_WARN_OBJC_LITERAL_CONVERSION = YES;
				CLANG_WARN_OBJC_ROOT_CLASS = YES_ERROR;
				CLANG_WARN_RANGE_LOOP_ANALYSIS = YES;
				CLANG_WARN_STRICT_PROTOTYPES = YES;
				CLANG_WARN_SUSPICIOUS_MOVE = YES;
				CLANG_WARN_UNGUARDED_AVAILABILITY = YES_AGGRESSIVE;
				CLANG_WARN_UNREACHABLE_CODE = YES;
				CLANG_WARN__DUPLICATE_METHOD_MATCH = YES;
				CODE_SIGN_IDENTITY = "iPhone Developer";
				COPY_PHASE_STRIP = NO;
				DEBUG_INFORMATION_FORMAT = "dwarf-with-dsym";
				ENABLE_NS_ASSERTIONS = NO;
				ENABLE_STRICT_OBJC_MSGSEND = YES;
				GCC_C_LANGUAGE_STANDARD = gnu11;
				GCC_NO_COMMON_BLOCKS = YES;
				GCC_WARN_64_TO_32_BIT_CONVERSION = YES;
				GCC_WARN_ABOUT_RETURN_TYPE = YES_ERROR;
				GCC_WARN_UNDECLARED_SELECTOR = YES;
				GCC_WARN_UNINITIALIZED_AUTOS = YES_AGGRESSIVE;
				GCC_WARN_UNUSED_FUNCTION = YES;
				GCC_WARN_UNUSED_VARIABLE = YES;
				IPHONEOS_DEPLOYMENT_TARGET = 12.4;
				MTL_ENABLE_DEBUG_INFO = NO;
				MTL_FAST_MATH = YES;
				SDKROOT = iphoneos;
				SWIFT_COMPILATION_MODE = wholemodule;
				SWIFT_OPTIMIZATION_LEVEL = "-O";
				VALIDATE_PRODUCT = YES;
			};
			name = Release;
		};
		A82254A12333B69300D7B5BD /* Debug */ = {
			isa = XCBuildConfiguration;
			baseConfigurationReference = 7B5C6C65172533E40D428CBB /* Pods-SwifttestThings.debug.xcconfig */;
			buildSettings = {
				ASSETCATALOG_COMPILER_APPICON_NAME = AppIcon;
				CODE_SIGN_STYLE = Manual;
				DEVELOPMENT_TEAM = "";
				INFOPLIST_FILE = "$(SRCROOT)/SwifttestThings/Support/Info.plist";
				LD_RUNPATH_SEARCH_PATHS = (
					"$(inherited)",
					"@executable_path/Frameworks",
				);
				PRODUCT_BUNDLE_IDENTIFIER = com.appleacademy.SwifttestThings;
				PRODUCT_NAME = "$(TARGET_NAME)";
				PROVISIONING_PROFILE_SPECIFIER = "";
				SWIFT_VERSION = 5.0;
				TARGETED_DEVICE_FAMILY = "1,2";
			};
			name = Debug;
		};
		A82254A22333B69300D7B5BD /* Release */ = {
			isa = XCBuildConfiguration;
			baseConfigurationReference = F223535316A95EE1CC464060 /* Pods-SwifttestThings.release.xcconfig */;
			buildSettings = {
				ASSETCATALOG_COMPILER_APPICON_NAME = AppIcon;
				CODE_SIGN_STYLE = Manual;
				DEVELOPMENT_TEAM = "";
				INFOPLIST_FILE = "$(SRCROOT)/SwifttestThings/Support/Info.plist";
				LD_RUNPATH_SEARCH_PATHS = (
					"$(inherited)",
					"@executable_path/Frameworks",
				);
				PRODUCT_BUNDLE_IDENTIFIER = com.appleacademy.SwifttestThings;
				PRODUCT_NAME = "$(TARGET_NAME)";
				PROVISIONING_PROFILE_SPECIFIER = "";
				SWIFT_VERSION = 5.0;
				TARGETED_DEVICE_FAMILY = "1,2";
			};
			name = Release;
		};
/* End XCBuildConfiguration section */

/* Begin XCConfigurationList section */
		A82254892333B69200D7B5BD /* Build configuration list for PBXProject "SwifttestThings" */ = {
			isa = XCConfigurationList;
			buildConfigurations = (
				A822549E2333B69300D7B5BD /* Debug */,
				A822549F2333B69300D7B5BD /* Release */,
			);
			defaultConfigurationIsVisible = 0;
			defaultConfigurationName = Release;
		};
		A82254A02333B69300D7B5BD /* Build configuration list for PBXNativeTarget "SwifttestThings" */ = {
			isa = XCConfigurationList;
			buildConfigurations = (
				A82254A12333B69300D7B5BD /* Debug */,
				A82254A22333B69300D7B5BD /* Release */,
			);
			defaultConfigurationIsVisible = 0;
			defaultConfigurationName = Release;
		};
/* End XCConfigurationList section */
	};
	rootObject = A82254862333B69200D7B5BD /* Project object */;
}
